
Microsoft Visual Studio Solution File, Format Version 12.00
# Visual Studio Version 17
VisualStudioVersion = 17.5.002.0
MinimumVisualStudioVersion = 10.0.40219.1
Project("{9A19103F-16F7-4668-BE54-9A1E7A4F7556}") = "TestCodes", "TestCodes.csproj", "{CB87CAAA-7E31-42D8-B825-AFA8FABE2801}"
EndProject
Global
	GlobalSection(SolutionConfigurationPlatforms) = preSolution
		Debug|Any CPU = Debug|Any CPU
		Release|Any CPU = Release|Any CPU
	EndGlobalSection
	GlobalSection(ProjectConfigurationPlatforms) = postSolution
		{CB87CAAA-7E31-42D8-B825-AFA8FABE2801}.Debug|Any CPU.ActiveCfg = Debug|Any CPU
		{CB87CAAA-7E31-42D8-B825-AFA8FABE2801}.Debug|Any CPU.Build.0 = Debug|Any CPU
		{CB87CAAA-7E31-42D8-B825-AFA8FABE2801}.Release|Any CPU.ActiveCfg = Release|Any CPU
		{CB87CAAA-7E31-42D8-B825-AFA8FABE2801}.Release|Any CPU.Build.0 = Release|Any CPU
	EndGlobalSection
	GlobalSection(SolutionProperties) = preSolution
		HideSolutionNode = FALSE
	EndGlobalSection
	GlobalSection(ExtensibilityGlobals) = postSolution
		SolutionGuid = {00391E3F-5CE8-447F-B6C2-2051032010BC}
	EndGlobalSection
EndGlobal
